
Microsoft Visual Studio Solution File, Format Version 12.00
# Visual Studio Version 17
VisualStudioVersion = 17.5.33530.505
MinimumVisualStudioVersion = 10.0.40219.1
Project("{FAE04EC0-301F-11D3-BF4B-00C04F79EFBC}") = "PortSimulation", "PortSimulation\PortSimulation.csproj", "{72B7F59A-D6CD-4708-A383-DCA383BDCE27}"
EndProject
Global
	GlobalSection(SolutionConfigurationPlatforms) = preSolution
		Debug|Any CPU = Debug|Any CPU
		Release|Any CPU = Release|Any CPU
	EndGlobalSection
	GlobalSection(ProjectConfigurationPlatforms) = postSolution
		{72B7F59A-D6CD-4708-A383-DCA383BDCE27}.Debug|Any CPU.ActiveCfg = Debug|Any CPU
		{72B7F59A-D6CD-4708-A383-DCA383BDCE27}.Debug|Any CPU.Build.0 = Debug|Any CPU
		{72B7F59A-D6CD-4708-A383-DCA383BDCE27}.Release|Any CPU.ActiveCfg = Release|Any CPU
		{72B7F59A-D6CD-4708-A383-DCA383BDCE27}.Release|Any CPU.Build.0 = Release|Any CPU
	EndGlobalSection
	GlobalSection(SolutionProperties) = preSolution
		HideSolutionNode = FALSE
	EndGlobalSection
	GlobalSection(ExtensibilityGlobals) = postSolution
		SolutionGuid = {AF9B286B-3B06-4820-8188-EA5E9854557C}
	EndGlobalSection
EndGlobal
